{
  "version": 4,
  "terraform_version": "0.12.20",
  "serial": 58,
  "lineage": "25f7f83e-42c0-f868-59f0-d64a45f58b65",
  "outputs": {
    "docker_container": {
      "value": "ghost_blog",
      "type": "string"
    },
    "ip_address_pankaj": {
      "value": "172.17.0.2",
      "type": "string"
    }
  },
  "resources": [
    {
      "mode": "managed",
      "type": "docker_container",
      "name": "new",
      "provider": "provider.docker",
      "instances": [
        {
          "schema_version": 2,
          "attributes": {
            "attach": false,
            "bridge": "",
            "capabilities": [],
            "command": [
              "node",
              "current/index.js"
            ],
            "container_logs": null,
            "cpu_set": "",
            "cpu_shares": 0,
            "destroy_grace_seconds": null,
            "devices": [],
            "dns": null,
            "dns_opts": null,
            "dns_search": null,
            "domainname": "",
            "entrypoint": [
              "docker-entrypoint.sh"
            ],
            "env": [
              "GHOST_CLI_VERSION=1.13.1",
              "GHOST_CONTENT=/var/lib/ghost/content",
              "GHOST_INSTALL=/var/lib/ghost",
              "GHOST_VERSION=3.5.2",
              "GOSU_VERSION=1.11",
              "NODE_ENV=production",
              "NODE_VERSION=12.16.0",
              "PATH=/usr/local/sbin:/usr/local/bin:/usr/sbin:/usr/bin:/sbin:/bin",
              "YARN_VERSION=1.22.0"
            ],
            "exit_code": null,
            "gateway": "172.17.0.1",
            "group_add": null,
            "healthcheck": [],
            "host": [],
            "hostname": "b6295bc5b93a",
            "id": "b6295bc5b93a8c27aac5104a9a65b7fae320165ce6dd583010ab5cd31bba1c0e",
            "image": "sha256:95b039c37802244e2be139f77117f2fd4d917bfbe996d73645183221b1117086",
            "ip_address": "172.17.0.2",
            "ip_prefix_length": 16,
            "ipc_mode": "shareable",
            "labels": [],
            "links": null,
            "log_driver": "json-file",
            "log_opts": null,
            "logs": false,
            "max_retry_count": 0,
            "memory": 0,
            "memory_swap": 0,
            "mounts": [],
            "must_run": true,
            "name": "ghost_blog",
            "network_alias": null,
            "network_data": [
              {
                "gateway": "172.17.0.1",
                "ip_address": "172.17.0.2",
                "ip_prefix_length": 16,
                "network_name": "bridge"
              }
            ],
            "network_mode": "default",
            "networks": null,
            "networks_advanced": [],
            "pid_mode": "",
            "ports": [
              {
                "external": 8111,
                "internal": 2368,
                "ip": "0.0.0.0",
                "protocol": "tcp"
              }
            ],
            "privileged": false,
            "publish_all_ports": false,
            "read_only": false,
            "restart": "no",
            "rm": false,
            "shm_size": 64,
            "start": true,
            "sysctls": null,
            "tmpfs": null,
            "ulimit": [],
            "upload": [],
            "user": "",
            "userns_mode": "",
            "volumes": [],
            "working_dir": "/var/lib/ghost"
          },
          "private": "eyJzY2hlbWFfdmVyc2lvbiI6IjIifQ==",
          "dependencies": [
            "docker_image.new"
          ]
        }
      ]
    },
    {
      "mode": "managed",
      "type": "docker_image",
      "name": "new",
      "provider": "provider.docker",
      "instances": [
        {
          "schema_version": 0,
          "attributes": {
            "id": "sha256:95b039c37802244e2be139f77117f2fd4d917bfbe996d73645183221b1117086ghost:latest",
            "keep_locally": null,
            "latest": "sha256:95b039c37802244e2be139f77117f2fd4d917bfbe996d73645183221b1117086",
            "name": "ghost:latest",
            "pull_trigger": null,
            "pull_triggers": null
          },
          "private": "bnVsbA=="
        }
      ]
    },
    {
      "mode": "managed",
      "type": "null_resource",
      "name": "new",
      "provider": "provider.null",
      "instances": [
        {
          "schema_version": 0,
          "attributes": {
            "id": "1665936417275085878",
            "triggers": null
          },
          "private": "bnVsbA==",
          "dependencies": [
            "docker_container.new",
            "docker_image.new"
          ]
        }
      ]
    }
  ]
}
