{
    "version": 3,
    "terraform_version": "0.11.13",
    "serial": 7,
    "lineage": "17d935d2-c873-e020-2875-5670f6428185",
    "modules": [
        {
            "path": [
                "root"
            ],
            "outputs": {
                "bucketname": {
                    "sensitive": false,
                    "type": "string",
                    "value": "haha-1495"
                }
            },
            "resources": {
                "aws_s3_bucket.new": {
                    "type": "aws_s3_bucket",
                    "depends_on": [
                        "random_id.new"
                    ],
                    "primary": {
                        "id": "haha-1495",
                        "attributes": {
                            "acceleration_status": "",
                            "acl": "private",
                            "arn": "arn:aws:s3:::haha-1495",
                            "bucket": "haha-1495",
                            "bucket_domain_name": "haha-1495.s3.amazonaws.com",
                            "bucket_regional_domain_name": "haha-1495.s3.amazonaws.com",
                            "cors_rule.#": "0",
                            "force_destroy": "true",
                            "hosted_zone_id": "Z3AQBSTGFYJSTF",
                            "id": "haha-1495",
                            "lifecycle_rule.#": "0",
                            "logging.#": "0",
                            "object_lock_configuration.#": "0",
                            "region": "us-east-1",
                            "replication_configuration.#": "0",
                            "request_payer": "BucketOwner",
                            "server_side_encryption_configuration.#": "0",
                            "tags.%": "1",
                            "tags.owner": "Pankaj",
                            "versioning.#": "1",
                            "versioning.0.enabled": "false",
                            "versioning.0.mfa_delete": "false",
                            "website.#": "0"
                        },
                        "meta": {},
                        "tainted": false
                    },
                    "deposed": [],
                    "provider": "provider.aws"
                },
                "random_id.new": {
                    "type": "random_id",
                    "depends_on": [],
                    "primary": {
                        "id": "Bdc",
                        "attributes": {
                            "b64": "Bdc",
                            "b64_std": "Bdc=",
                            "b64_url": "Bdc",
                            "byte_length": "2",
                            "dec": "1495",
                            "hex": "05d7",
                            "id": "Bdc"
                        },
                        "meta": {},
                        "tainted": false
                    },
                    "deposed": [],
                    "provider": "provider.random"
                }
            },
            "depends_on": []
        }
    ]
}
